
Microsoft Visual Studio Solution File, Format Version 12.00
# Visual Studio Version 16
VisualStudioVersion = 16.0.29215.179
MinimumVisualStudioVersion = 10.0.40219.1
Project("{2150E333-8FDC-42A3-9474-1A3956D46DE8}") = "Database", "Database", "{6479CD89-F293-4DE4-8734-CCABBC2865C6}"
EndProject
Project("{9A19103F-16F7-4668-BE54-9A1E7A4F7556}") = "DBProvider", "src\DBProvider\DBProvider.csproj", "{FF8BD236-5DD3-41E8-AFFF-5467EC4AF55D}"
EndProject
Project("{9A19103F-16F7-4668-BE54-9A1E7A4F7556}") = "MultiTenant", "src\MultiTenant\MultiTenant.csproj", "{480B3BD3-4C90-407E-8DF2-AB9806DDBE5A}"
EndProject
Project("{FAE04EC0-301F-11D3-BF4B-00C04F79EFBC}") = "DemoDBContext", "DemoDBContext\DemoDBContext.csproj", "{2413D801-92F9-4BEE-BE76-207A91D2FC80}"
EndProject
Global
	GlobalSection(SolutionConfigurationPlatforms) = preSolution
		Debug|Any CPU = Debug|Any CPU
		Release|Any CPU = Release|Any CPU
	EndGlobalSection
	GlobalSection(ProjectConfigurationPlatforms) = postSolution
		{FF8BD236-5DD3-41E8-AFFF-5467EC4AF55D}.Debug|Any CPU.ActiveCfg = Debug|Any CPU
		{FF8BD236-5DD3-41E8-AFFF-5467EC4AF55D}.Debug|Any CPU.Build.0 = Debug|Any CPU
		{FF8BD236-5DD3-41E8-AFFF-5467EC4AF55D}.Release|Any CPU.ActiveCfg = Release|Any CPU
		{FF8BD236-5DD3-41E8-AFFF-5467EC4AF55D}.Release|Any CPU.Build.0 = Release|Any CPU
		{480B3BD3-4C90-407E-8DF2-AB9806DDBE5A}.Debug|Any CPU.ActiveCfg = Debug|Any CPU
		{480B3BD3-4C90-407E-8DF2-AB9806DDBE5A}.Debug|Any CPU.Build.0 = Debug|Any CPU
		{480B3BD3-4C90-407E-8DF2-AB9806DDBE5A}.Release|Any CPU.ActiveCfg = Release|Any CPU
		{480B3BD3-4C90-407E-8DF2-AB9806DDBE5A}.Release|Any CPU.Build.0 = Release|Any CPU
		{2413D801-92F9-4BEE-BE76-207A91D2FC80}.Debug|Any CPU.ActiveCfg = Debug|Any CPU
		{2413D801-92F9-4BEE-BE76-207A91D2FC80}.Debug|Any CPU.Build.0 = Debug|Any CPU
		{2413D801-92F9-4BEE-BE76-207A91D2FC80}.Release|Any CPU.ActiveCfg = Release|Any CPU
		{2413D801-92F9-4BEE-BE76-207A91D2FC80}.Release|Any CPU.Build.0 = Release|Any CPU
	EndGlobalSection
	GlobalSection(SolutionProperties) = preSolution
		HideSolutionNode = FALSE
	EndGlobalSection
	GlobalSection(NestedProjects) = preSolution
		{FF8BD236-5DD3-41E8-AFFF-5467EC4AF55D} = {6479CD89-F293-4DE4-8734-CCABBC2865C6}
		{2413D801-92F9-4BEE-BE76-207A91D2FC80} = {6479CD89-F293-4DE4-8734-CCABBC2865C6}
	EndGlobalSection
	GlobalSection(ExtensibilityGlobals) = postSolution
		SolutionGuid = {F77A29EC-0EDF-4D66-B653-7F9B880EB03D}
	EndGlobalSection
EndGlobal
